
Microsoft Visual Studio Solution File, Format Version 12.00
# Visual Studio Version 16
VisualStudioVersion = 16.0.29025.244
MinimumVisualStudioVersion = 10.0.40219.1
Project("{FAE04EC0-301F-11D3-BF4B-00C04F79EFBC}") = "Swinny_VET_Service", "Swinny_VET_Service\Swinny_VET_Service.csproj", "{0C17E8A6-97F2-4733-A4A0-B86E46F77B4A}"
EndProject
Project("{00D1A9C2-B5F0-4AF3-8072-F6C62B433612}") = "Database", "Database\Database.sqlproj", "{8C6B1D6B-B5C4-422C-95E0-5FB3ABD2E17C}"
EndProject
Global
	GlobalSection(SolutionConfigurationPlatforms) = preSolution
		Debug|Any CPU = Debug|Any CPU
		Release|Any CPU = Release|Any CPU
	EndGlobalSection
	GlobalSection(ProjectConfigurationPlatforms) = postSolution
		{0C17E8A6-97F2-4733-A4A0-B86E46F77B4A}.Debug|Any CPU.ActiveCfg = Debug|Any CPU
		{0C17E8A6-97F2-4733-A4A0-B86E46F77B4A}.Debug|Any CPU.Build.0 = Debug|Any CPU
		{0C17E8A6-97F2-4733-A4A0-B86E46F77B4A}.Release|Any CPU.ActiveCfg = Release|Any CPU
		{0C17E8A6-97F2-4733-A4A0-B86E46F77B4A}.Release|Any CPU.Build.0 = Release|Any CPU
		{8C6B1D6B-B5C4-422C-95E0-5FB3ABD2E17C}.Debug|Any CPU.ActiveCfg = Debug|Any CPU
		{8C6B1D6B-B5C4-422C-95E0-5FB3ABD2E17C}.Debug|Any CPU.Build.0 = Debug|Any CPU
		{8C6B1D6B-B5C4-422C-95E0-5FB3ABD2E17C}.Debug|Any CPU.Deploy.0 = Debug|Any CPU
		{8C6B1D6B-B5C4-422C-95E0-5FB3ABD2E17C}.Release|Any CPU.ActiveCfg = Release|Any CPU
		{8C6B1D6B-B5C4-422C-95E0-5FB3ABD2E17C}.Release|Any CPU.Build.0 = Release|Any CPU
		{8C6B1D6B-B5C4-422C-95E0-5FB3ABD2E17C}.Release|Any CPU.Deploy.0 = Release|Any CPU
	EndGlobalSection
	GlobalSection(SolutionProperties) = preSolution
		HideSolutionNode = FALSE
	EndGlobalSection
	GlobalSection(ExtensibilityGlobals) = postSolution
		SolutionGuid = {D1D27DA7-BC05-413B-84E8-772EB15434AF}
	EndGlobalSection
EndGlobal
